
Microsoft Visual Studio Solution File, Format Version 12.00
# Visual Studio Version 16
VisualStudioVersion = 16.0.31727.386
MinimumVisualStudioVersion = 10.0.40219.1
Project("{9A19103F-16F7-4668-BE54-9A1E7A4F7556}") = "CATeam5Solution", "CATeam5Solution.csproj", "{D5BE3D57-51D8-4B95-9398-316AFEEB1C83}"
EndProject
Global
	GlobalSection(SolutionConfigurationPlatforms) = preSolution
		Debug|Any CPU = Debug|Any CPU
		Release|Any CPU = Release|Any CPU
	EndGlobalSection
	GlobalSection(ProjectConfigurationPlatforms) = postSolution
		{D5BE3D57-51D8-4B95-9398-316AFEEB1C83}.Debug|Any CPU.ActiveCfg = Debug|Any CPU
		{D5BE3D57-51D8-4B95-9398-316AFEEB1C83}.Debug|Any CPU.Build.0 = Debug|Any CPU
		{D5BE3D57-51D8-4B95-9398-316AFEEB1C83}.Release|Any CPU.ActiveCfg = Release|Any CPU
		{D5BE3D57-51D8-4B95-9398-316AFEEB1C83}.Release|Any CPU.Build.0 = Release|Any CPU
	EndGlobalSection
	GlobalSection(SolutionProperties) = preSolution
		HideSolutionNode = FALSE
	EndGlobalSection
	GlobalSection(ExtensibilityGlobals) = postSolution
		SolutionGuid = {EDBEAF59-1F15-41D7-BB49-3B3DFD59CA53}
	EndGlobalSection
EndGlobal
